Microsoft Visual Studio Solution File, Format Version 12.00
# Visual Studio 14
VisualStudioVersion = 14.0.25420.1
MinimumVisualStudioVersion = 10.0.40219.1
Project("{FAE04EC0-301F-11D3-BF4B-00C04F79EFBC}") = "UI", "UI\UI.csproj", "{4896D754-CF84-4865-B5E8-A235077CA63C}"
EndProject
Project("{FAE04EC0-301F-11D3-BF4B-00C04F79EFBC}") = "DataAccess", "DataAccess\DataAccess.csproj", "{EBDE4C69-12E4-4539-A459-5C9209AA9F4B}"
EndProject
Project("{FAE04EC0-301F-11D3-BF4B-00C04F79EFBC}") = "Entity", "Entity\Entity.csproj", "{47CED7E3-F175-498D-8F0F-8F98FF347057}"
EndProject
Project("{FAE04EC0-301F-11D3-BF4B-00C04F79EFBC}") = "Engine", "Engine\Engine.csproj", "{D9CE554C-8FD9-4C2F-88A3-DEC4035EFA2A}"
EndProject
Project("{FAE04EC0-301F-11D3-BF4B-00C04F79EFBC}") = "Utility", "Utility\Utility.csproj", "{F9EB301B-5C76-4024-8A29-DB14060C8516}"
EndProject
Project("{2150E333-8FDC-42A3-9474-1A3956D46DE8}") = "Libs", "Libs", "{4FF459B6-12F1-4D3F-B5D5-A03087E8C140}"
	ProjectSection(SolutionItems) = preProject
		Libs\LemmaSharp.dll = Libs\LemmaSharp.dll
		Libs\LemmaSharpPrebuilt.dll = Libs\LemmaSharpPrebuilt.dll
		Libs\LemmaSharpPrebuiltCompact.dll = Libs\LemmaSharpPrebuiltCompact.dll
		Libs\Lzma#.dll = Libs\Lzma#.dll
	EndProjectSection
EndProject
Project("{FAE04EC0-301F-11D3-BF4B-00C04F79EFBC}") = "Test", "Test\Test.csproj", "{CE043E67-44DE-4191-A8DD-C1F6055F5D06}"
EndProject
Global
	GlobalSection(SolutionConfigurationPlatforms) = preSolution
		Debug|Any CPU = Debug|Any CPU
		Release|Any CPU = Release|Any CPU
	EndGlobalSection
	GlobalSection(ProjectConfigurationPlatforms) = postSolution
		{4896D754-CF84-4865-B5E8-A235077CA63C}.Debug|Any CPU.ActiveCfg = Debug|Any CPU
		{4896D754-CF84-4865-B5E8-A235077CA63C}.Debug|Any CPU.Build.0 = Debug|Any CPU
		{4896D754-CF84-4865-B5E8-A235077CA63C}.Release|Any CPU.ActiveCfg = Release|Any CPU
		{4896D754-CF84-4865-B5E8-A235077CA63C}.Release|Any CPU.Build.0 = Release|Any CPU
		{EBDE4C69-12E4-4539-A459-5C9209AA9F4B}.Debug|Any CPU.ActiveCfg = Debug|Any CPU
		{EBDE4C69-12E4-4539-A459-5C9209AA9F4B}.Debug|Any CPU.Build.0 = Debug|Any CPU
		{EBDE4C69-12E4-4539-A459-5C9209AA9F4B}.Release|Any CPU.ActiveCfg = Release|Any CPU
		{EBDE4C69-12E4-4539-A459-5C9209AA9F4B}.Release|Any CPU.Build.0 = Release|Any CPU
		{47CED7E3-F175-498D-8F0F-8F98FF347057}.Debug|Any CPU.ActiveCfg = Debug|Any CPU
		{47CED7E3-F175-498D-8F0F-8F98FF347057}.Debug|Any CPU.Build.0 = Debug|Any CPU
		{47CED7E3-F175-498D-8F0F-8F98FF347057}.Release|Any CPU.ActiveCfg = Release|Any CPU
		{47CED7E3-F175-498D-8F0F-8F98FF347057}.Release|Any CPU.Build.0 = Release|Any CPU
		{D9CE554C-8FD9-4C2F-88A3-DEC4035EFA2A}.Debug|Any CPU.ActiveCfg = Debug|Any CPU
		{D9CE554C-8FD9-4C2F-88A3-DEC4035EFA2A}.Debug|Any CPU.Build.0 = Debug|Any CPU
		{D9CE554C-8FD9-4C2F-88A3-DEC4035EFA2A}.Release|Any CPU.ActiveCfg = Release|Any CPU
		{D9CE554C-8FD9-4C2F-88A3-DEC4035EFA2A}.Release|Any CPU.Build.0 = Release|Any CPU
		{F9EB301B-5C76-4024-8A29-DB14060C8516}.Debug|Any CPU.ActiveCfg = Debug|Any CPU
		{F9EB301B-5C76-4024-8A29-DB14060C8516}.Debug|Any CPU.Build.0 = Debug|Any CPU
		{F9EB301B-5C76-4024-8A29-DB14060C8516}.Release|Any CPU.ActiveCfg = Release|Any CPU
		{F9EB301B-5C76-4024-8A29-DB14060C8516}.Release|Any CPU.Build.0 = Release|Any CPU
		{CE043E67-44DE-4191-A8DD-C1F6055F5D06}.Debug|Any CPU.ActiveCfg = Debug|Any CPU
		{CE043E67-44DE-4191-A8DD-C1F6055F5D06}.Debug|Any CPU.Build.0 = Debug|Any CPU
		{CE043E67-44DE-4191-A8DD-C1F6055F5D06}.Release|Any CPU.ActiveCfg = Release|Any CPU
		{CE043E67-44DE-4191-A8DD-C1F6055F5D06}.Release|Any CPU.Build.0 = Release|Any CPU
	EndGlobalSection
	GlobalSection(SolutionProperties) = preSolution
		HideSolutionNode = FALSE
	EndGlobalSection
EndGlobal
