
Microsoft Visual Studio Solution File, Format Version 12.00
# Visual Studio 14
VisualStudioVersion = 14.0.25420.1
MinimumVisualStudioVersion = 10.0.40219.1
Project("{FAE04EC0-301F-11D3-BF4B-00C04F79EFBC}") = "Entity", "Entity\Entity.csproj", "{47CED7E3-F175-498D-8F0F-8F98FF347057}"
EndProject
Project("{FAE04EC0-301F-11D3-BF4B-00C04F79EFBC}") = "Engine", "Engine\Engine.csproj", "{D9CE554C-8FD9-4C2F-88A3-DEC4035EFA2A}"
EndProject
Project("{FAE04EC0-301F-11D3-BF4B-00C04F79EFBC}") = "Utility", "Utility\Utility.csproj", "{F9EB301B-5C76-4024-8A29-DB14060C8516}"
EndProject
Global
	GlobalSection(SolutionConfigurationPlatforms) = preSolution
		Debug|Any CPU = Debug|Any CPU
		Release|Any CPU = Release|Any CPU
	EndGlobalSection
	GlobalSection(ProjectConfigurationPlatforms) = postSolution
		{47CED7E3-F175-498D-8F0F-8F98FF347057}.Debug|Any CPU.ActiveCfg = Debug|Any CPU
		{47CED7E3-F175-498D-8F0F-8F98FF347057}.Debug|Any CPU.Build.0 = Debug|Any CPU
		{47CED7E3-F175-498D-8F0F-8F98FF347057}.Release|Any CPU.ActiveCfg = Release|Any CPU
		{47CED7E3-F175-498D-8F0F-8F98FF347057}.Release|Any CPU.Build.0 = Release|Any CPU
		{D9CE554C-8FD9-4C2F-88A3-DEC4035EFA2A}.Debug|Any CPU.ActiveCfg = Debug|Any CPU
		{D9CE554C-8FD9-4C2F-88A3-DEC4035EFA2A}.Debug|Any CPU.Build.0 = Debug|Any CPU
		{D9CE554C-8FD9-4C2F-88A3-DEC4035EFA2A}.Release|Any CPU.ActiveCfg = Release|Any CPU
		{D9CE554C-8FD9-4C2F-88A3-DEC4035EFA2A}.Release|Any CPU.Build.0 = Release|Any CPU
		{F9EB301B-5C76-4024-8A29-DB14060C8516}.Debug|Any CPU.ActiveCfg = Debug|Any CPU
		{F9EB301B-5C76-4024-8A29-DB14060C8516}.Debug|Any CPU.Build.0 = Debug|Any CPU
		{F9EB301B-5C76-4024-8A29-DB14060C8516}.Release|Any CPU.ActiveCfg = Release|Any CPU
		{F9EB301B-5C76-4024-8A29-DB14060C8516}.Release|Any CPU.Build.0 = Release|Any CPU
	EndGlobalSection
	GlobalSection(SolutionProperties) = preSolution
		HideSolutionNode = FALSE
	EndGlobalSection
EndGlobal
